
Microsoft Visual Studio Solution File, Format Version 12.00
# Visual Studio 15
VisualStudioVersion = 15.0.27130.2026
MinimumVisualStudioVersion = 10.0.40219.1
Project("{FAE04EC0-301F-11D3-BF4B-00C04F79EFBC}") = "TinderBot", "TinderBot\TinderBot.csproj", "{93B52BAA-15BC-41C0-8A97-D876468C5B98}"
EndProject
Project("{FAE04EC0-301F-11D3-BF4B-00C04F79EFBC}") = "CameraApi", "CameraApi\CameraApi.csproj", "{ED3C5A5D-2B6E-40A6-8FAF-3C37F3986941}"
EndProject
Project("{FAE04EC0-301F-11D3-BF4B-00C04F79EFBC}") = "FaceDetectionApi", "FaceDetectionApi\FaceDetectionApi.csproj", "{BA9F58AE-7325-4C87-BC36-D5225E7CD31A}"
EndProject
Project("{FAE04EC0-301F-11D3-BF4B-00C04F79EFBC}") = "TinderArduinoApi", "TinderArduinoApi\TinderArduinoApi.csproj", "{603FD177-DBD3-4705-8FBE-82DAB9DE74A8}"
EndProject
Project("{9A19103F-16F7-4668-BE54-9A1E7A4F7556}") = "Options", "Options\Options.csproj", "{EA23A7B4-3313-4FAD-9587-B4105E9BADEB}"
EndProject
Project("{FAE04EC0-301F-11D3-BF4B-00C04F79EFBC}") = "CommandApi", "CommandApi\CommandApi.csproj", "{BAA2BDBE-5722-4333-8375-77A702B875C2}"
EndProject
Project("{FAE04EC0-301F-11D3-BF4B-00C04F79EFBC}") = "MongoDBApi", "MongoDBApi\MongoDBApi.csproj", "{EAA08C1B-5B25-4F3D-820F-CCBAADBD4564}"
EndProject
Project("{FAE04EC0-301F-11D3-BF4B-00C04F79EFBC}") = "Models", "Models\Models.csproj", "{F62E6829-F40B-41F0-95CD-D17E2703A58B}"
EndProject
Project("{FAE04EC0-301F-11D3-BF4B-00C04F79EFBC}") = "ArreMath", "ArreMath\ArreMath.csproj", "{8B80C120-F06A-4F47-96E7-2A5C8136F73F}"
EndProject
Project("{FAE04EC0-301F-11D3-BF4B-00C04F79EFBC}") = "PointCloudRenderer", "PointRenderer\PointCloudRenderer.csproj", "{4C35E8D8-2405-4B85-AE1B-C411626A1C94}"
EndProject
Global
	GlobalSection(SolutionConfigurationPlatforms) = preSolution
		Debug|Any CPU = Debug|Any CPU
		Release|Any CPU = Release|Any CPU
	EndGlobalSection
	GlobalSection(ProjectConfigurationPlatforms) = postSolution
		{93B52BAA-15BC-41C0-8A97-D876468C5B98}.Debug|Any CPU.ActiveCfg = Debug|Any CPU
		{93B52BAA-15BC-41C0-8A97-D876468C5B98}.Debug|Any CPU.Build.0 = Debug|Any CPU
		{93B52BAA-15BC-41C0-8A97-D876468C5B98}.Release|Any CPU.ActiveCfg = Release|Any CPU
		{93B52BAA-15BC-41C0-8A97-D876468C5B98}.Release|Any CPU.Build.0 = Release|Any CPU
		{ED3C5A5D-2B6E-40A6-8FAF-3C37F3986941}.Debug|Any CPU.ActiveCfg = Debug|Any CPU
		{ED3C5A5D-2B6E-40A6-8FAF-3C37F3986941}.Debug|Any CPU.Build.0 = Debug|Any CPU
		{ED3C5A5D-2B6E-40A6-8FAF-3C37F3986941}.Release|Any CPU.ActiveCfg = Release|Any CPU
		{ED3C5A5D-2B6E-40A6-8FAF-3C37F3986941}.Release|Any CPU.Build.0 = Release|Any CPU
		{BA9F58AE-7325-4C87-BC36-D5225E7CD31A}.Debug|Any CPU.ActiveCfg = Debug|Any CPU
		{BA9F58AE-7325-4C87-BC36-D5225E7CD31A}.Debug|Any CPU.Build.0 = Debug|Any CPU
		{BA9F58AE-7325-4C87-BC36-D5225E7CD31A}.Release|Any CPU.ActiveCfg = Release|Any CPU
		{BA9F58AE-7325-4C87-BC36-D5225E7CD31A}.Release|Any CPU.Build.0 = Release|Any CPU
		{603FD177-DBD3-4705-8FBE-82DAB9DE74A8}.Debug|Any CPU.ActiveCfg = Debug|Any CPU
		{603FD177-DBD3-4705-8FBE-82DAB9DE74A8}.Debug|Any CPU.Build.0 = Debug|Any CPU
		{603FD177-DBD3-4705-8FBE-82DAB9DE74A8}.Release|Any CPU.ActiveCfg = Release|Any CPU
		{603FD177-DBD3-4705-8FBE-82DAB9DE74A8}.Release|Any CPU.Build.0 = Release|Any CPU
		{EA23A7B4-3313-4FAD-9587-B4105E9BADEB}.Debug|Any CPU.ActiveCfg = Debug|Any CPU
		{EA23A7B4-3313-4FAD-9587-B4105E9BADEB}.Debug|Any CPU.Build.0 = Debug|Any CPU
		{EA23A7B4-3313-4FAD-9587-B4105E9BADEB}.Release|Any CPU.ActiveCfg = Release|Any CPU
		{EA23A7B4-3313-4FAD-9587-B4105E9BADEB}.Release|Any CPU.Build.0 = Release|Any CPU
		{BAA2BDBE-5722-4333-8375-77A702B875C2}.Debug|Any CPU.ActiveCfg = Debug|Any CPU
		{BAA2BDBE-5722-4333-8375-77A702B875C2}.Debug|Any CPU.Build.0 = Debug|Any CPU
		{BAA2BDBE-5722-4333-8375-77A702B875C2}.Release|Any CPU.ActiveCfg = Release|Any CPU
		{BAA2BDBE-5722-4333-8375-77A702B875C2}.Release|Any CPU.Build.0 = Release|Any CPU
		{EAA08C1B-5B25-4F3D-820F-CCBAADBD4564}.Debug|Any CPU.ActiveCfg = Debug|Any CPU
		{EAA08C1B-5B25-4F3D-820F-CCBAADBD4564}.Debug|Any CPU.Build.0 = Debug|Any CPU
		{EAA08C1B-5B25-4F3D-820F-CCBAADBD4564}.Release|Any CPU.ActiveCfg = Release|Any CPU
		{EAA08C1B-5B25-4F3D-820F-CCBAADBD4564}.Release|Any CPU.Build.0 = Release|Any CPU
		{F62E6829-F40B-41F0-95CD-D17E2703A58B}.Debug|Any CPU.ActiveCfg = Debug|Any CPU
		{F62E6829-F40B-41F0-95CD-D17E2703A58B}.Debug|Any CPU.Build.0 = Debug|Any CPU
		{F62E6829-F40B-41F0-95CD-D17E2703A58B}.Release|Any CPU.ActiveCfg = Release|Any CPU
		{F62E6829-F40B-41F0-95CD-D17E2703A58B}.Release|Any CPU.Build.0 = Release|Any CPU
		{8B80C120-F06A-4F47-96E7-2A5C8136F73F}.Debug|Any CPU.ActiveCfg = Debug|Any CPU
		{8B80C120-F06A-4F47-96E7-2A5C8136F73F}.Debug|Any CPU.Build.0 = Debug|Any CPU
		{8B80C120-F06A-4F47-96E7-2A5C8136F73F}.Release|Any CPU.ActiveCfg = Release|Any CPU
		{8B80C120-F06A-4F47-96E7-2A5C8136F73F}.Release|Any CPU.Build.0 = Release|Any CPU
		{4C35E8D8-2405-4B85-AE1B-C411626A1C94}.Debug|Any CPU.ActiveCfg = Debug|Any CPU
		{4C35E8D8-2405-4B85-AE1B-C411626A1C94}.Debug|Any CPU.Build.0 = Debug|Any CPU
		{4C35E8D8-2405-4B85-AE1B-C411626A1C94}.Release|Any CPU.ActiveCfg = Release|Any CPU
		{4C35E8D8-2405-4B85-AE1B-C411626A1C94}.Release|Any CPU.Build.0 = Release|Any CPU
	EndGlobalSection
	GlobalSection(SolutionProperties) = preSolution
		HideSolutionNode = FALSE
	EndGlobalSection
	GlobalSection(ExtensibilityGlobals) = postSolution
		SolutionGuid = {6DF3930A-39C0-4778-A2FC-1EDB252F10E7}
	EndGlobalSection
EndGlobal
